
Microsoft Visual Studio Solution File, Format Version 12.00
# Visual Studio Version 17
VisualStudioVersion = 17.13.35828.75 d17.13
MinimumVisualStudioVersion = 10.0.40219.1
Project("{FAE04EC0-301F-11D3-BF4B-00C04F79EFBC}") = "CodeAlongBlog", "CodeAlongBlog.csproj", "{4CECC82F-1B36-4B60-A471-E7E4E9265E55}"
EndProject
Global
	GlobalSection(SolutionConfigurationPlatforms) = preSolution
		Debug|Any CPU = Debug|Any CPU
		Release|Any CPU = Release|Any CPU
	EndGlobalSection
	GlobalSection(ProjectConfigurationPlatforms) = postSolution
		{4CECC82F-1B36-4B60-A471-E7E4E9265E55}.Debug|Any CPU.ActiveCfg = Debug|Any CPU
		{4CECC82F-1B36-4B60-A471-E7E4E9265E55}.Debug|Any CPU.Build.0 = Debug|Any CPU
		{4CECC82F-1B36-4B60-A471-E7E4E9265E55}.Release|Any CPU.ActiveCfg = Release|Any CPU
		{4CECC82F-1B36-4B60-A471-E7E4E9265E55}.Release|Any CPU.Build.0 = Release|Any CPU
	EndGlobalSection
	GlobalSection(SolutionProperties) = preSolution
		HideSolutionNode = FALSE
	EndGlobalSection
	GlobalSection(ExtensibilityGlobals) = postSolution
		SolutionGuid = {088D82B6-2DFB-4DF9-ACF2-BC318421A28E}
	EndGlobalSection
EndGlobal
