
Microsoft Visual Studio Solution File, Format Version 12.00
# Visual Studio Version 17
VisualStudioVersion = 17.13.35828.75
MinimumVisualStudioVersion = 10.0.40219.1
Project("{FAE04EC0-301F-11D3-BF4B-00C04F79EFBC}") = "CodeAlongDI", "CodeAlongDI.csproj", "{D66FD634-BAB0-40B8-B71C-1B4189B54754}"
EndProject
Global
	GlobalSection(SolutionConfigurationPlatforms) = preSolution
		Debug|Any CPU = Debug|Any CPU
		Release|Any CPU = Release|Any CPU
	EndGlobalSection
	GlobalSection(ProjectConfigurationPlatforms) = postSolution
		{D66FD634-BAB0-40B8-B71C-1B4189B54754}.Debug|Any CPU.ActiveCfg = Debug|Any CPU
		{D66FD634-BAB0-40B8-B71C-1B4189B54754}.Debug|Any CPU.Build.0 = Debug|Any CPU
		{D66FD634-BAB0-40B8-B71C-1B4189B54754}.Release|Any CPU.ActiveCfg = Release|Any CPU
		{D66FD634-BAB0-40B8-B71C-1B4189B54754}.Release|Any CPU.Build.0 = Release|Any CPU
	EndGlobalSection
	GlobalSection(SolutionProperties) = preSolution
		HideSolutionNode = FALSE
	EndGlobalSection
	GlobalSection(ExtensibilityGlobals) = postSolution
		SolutionGuid = {171255BC-454A-4E34-B478-13184469B59C}
	EndGlobalSection
EndGlobal
